// !$*UTF8*$!
{
	archiveVersion = 1;
	classes = {
	};
	objectVersion = 46;
	objects = {

/* Begin PBXBuildFile section */
		0D2E10631C82980D00DC8914 /* Notes in Resources */ = {isa = PBXBuildFile; fileRef = 0D2E10621C82980D00DC8914 /* Notes */; };
		0D31E4281C82784200FE6861 /* AppDelegate.swift in Sources */ = {isa = PBXBuildFile; fileRef = 0D31E4271C82784200FE6861 /* AppDelegate.swift */; };
		0D31E42A1C82784200FE6861 /* ViewController.swift in Sources */ = {isa = PBXBuildFile; fileRef = 0D31E4291C82784200FE6861 /* ViewController.swift */; };
		0D31E42D1C82784200FE6861 /* Main.storyboard in Resources */ = {isa = PBXBuildFile; fileRef = 0D31E42B1C82784200FE6861 /* Main.storyboard */; };
		0D31E42F1C82784200FE6861 /* Assets.xcassets in Resources */ = {isa = PBXBuildFile; fileRef = 0D31E42E1C82784200FE6861 /* Assets.xcassets */; };
		0D31E4321C82784200FE6861 /* LaunchScreen.storyboard in Resources */ = {isa = PBXBuildFile; fileRef = 0D31E4301C82784200FE6861 /* LaunchScreen.storyboard */; };
		0D31E43D1C82784200FE6861 /* DraggableViewTests.swift in Sources */ = {isa = PBXBuildFile; fileRef = 0D31E43C1C82784200FE6861 /* DraggableViewTests.swift */; };
		0D31E4481C82784200FE6861 /* DraggableViewUITests.swift in Sources */ = {isa = PBXBuildFile; fileRef = 0D31E4471C82784200FE6861 /* DraggableViewUITests.swift */; };
		0D31E4561C82793C00FE6861 /* WSDDraggableView.swift in Sources */ = {isa = PBXBuildFile; fileRef = 0D31E4551C82793C00FE6861 /* WSDDraggableView.swift */; };
		0D31E4581C827D0300FE6861 /* CustomProtocols.swift in Sources */ = {isa = PBXBuildFile; fileRef = 0D31E4571C827D0300FE6861 /* CustomProtocols.swift */; };
		0D31E45A1C8289DE00FE6861 /* TrashBin.swift in Sources */ = {isa = PBXBuildFile; fileRef = 0D31E4591C8289DE00FE6861 /* TrashBin.swift */; };
		0DA36BB11C83D9C2004B7C8D /* SystemExtensions.swift in Sources */ = {isa = PBXBuildFile; fileRef = 0DA36BB01C83D9C2004B7C8D /* SystemExtensions.swift */; };
/* End PBXBuildFile section */

/* Begin PBXContainerItemProxy section */
		0D31E4391C82784200FE6861 /* PBXContainerItemProxy */ = {
			isa = PBXContainerItemProxy;
			containerPortal = 0D31E41C1C82784200FE6861 /* Project object */;
			proxyType = 1;
			remoteGlobalIDString = 0D31E4231C82784200FE6861;
			remoteInfo = DraggableView;
		};
		0D31E4441C82784200FE6861 /* PBXContainerItemProxy */ = {
			isa = PBXContainerItemProxy;
			containerPortal = 0D31E41C1C82784200FE6861 /* Project object */;
			proxyType = 1;
			remoteGlobalIDString = 0D31E4231C82784200FE6861;
			remoteInfo = DraggableView;
		};
/* End PBXContainerItemProxy section */

/* Begin PBXFileReference section */
		0D2E10621C82980D00DC8914 /* Notes */ = {isa = PBXFileReference; fileEncoding = 4; lastKnownFileType = text; path = Notes; sourceTree = "<group>"; };
		0D31E4241C82784200FE6861 /* DraggableView.app */ = {isa = PBXFileReference; explicitFileType = wrapper.application; includeInIndex = 0; path = DraggableView.app; sourceTree = BUILT_PRODUCTS_DIR; };
		0D31E4271C82784200FE6861 /* AppDelegate.swift */ = {isa = PBXFileReference; lastKnownFileType = sourcecode.swift; path = AppDelegate.swift; sourceTree = "<group>"; };
		0D31E4291C82784200FE6861 /* ViewController.swift */ = {isa = PBXFileReference; lastKnownFileType = sourcecode.swift; path = ViewController.swift; sourceTree = "<group>"; };
		0D31E42C1C82784200FE6861 /* Base */ = {isa = PBXFileReference; lastKnownFileType = file.storyboard; name = Base; path = Base.lproj/Main.storyboard; sourceTree = "<group>"; };
		0D31E42E1C82784200FE6861 /* Assets.xcassets */ = {isa = PBXFileReference; lastKnownFileType = folder.assetcatalog; path = Assets.xcassets; sourceTree = "<group>"; };
		0D31E4311C82784200FE6861 /* Base */ = {isa = PBXFileReference; lastKnownFileType = file.storyboard; name = Base; path = Base.lproj/LaunchScreen.storyboard; sourceTree = "<group>"; };
		0D31E4331C82784200FE6861 /* Info.plist */ = {isa = PBXFileReference; lastKnownFileType = text.plist.xml; path = Info.plist; sourceTree = "<group>"; };
		0D31E4381C82784200FE6861 /* DraggableViewTests.xctest */ = {isa = PBXFileReference; explicitFileType = wrapper.cfbundle; includeInIndex = 0; path = DraggableViewTests.xctest; sourceTree = BUILT_PRODUCTS_DIR; };
		0D31E43C1C82784200FE6861 /* DraggableViewTests.swift */ = {isa = PBXFileReference; lastKnownFileType = sourcecode.swift; path = DraggableViewTests.swift; sourceTree = "<group>"; };
		0D31E43E1C82784200FE6861 /* Info.plist */ = {isa = PBXFileReference; lastKnownFileType = text.plist.xml; path = Info.plist; sourceTree = "<group>"; };
		0D31E4431C82784200FE6861 /* DraggableViewUITests.xctest */ = {isa = PBXFileReference; explicitFileType = wrapper.cfbundle; includeInIndex = 0; path = DraggableViewUITests.xctest; sourceTree = BUILT_PRODUCTS_DIR; };
		0D31E4471C82784200FE6861 /* DraggableViewUITests.swift */ = {isa = PBXFileReference; lastKnownFileType = sourcecode.swift; path = DraggableViewUITests.swift; sourceTree = "<group>"; };
		0D31E4491C82784200FE6861 /* Info.plist */ = {isa = PBXFileReference; lastKnownFileType = text.plist.xml; path = Info.plist; sourceTree = "<group>"; };
		0D31E4551C82793C00FE6861 /* WSDDraggableView.swift */ = {isa = PBXFileReference; fileEncoding = 4; lastKnownFileType = sourcecode.swift; path = WSDDraggableView.swift; sourceTree = "<group>"; };
		0D31E4571C827D0300FE6861 /* CustomProtocols.swift */ = {isa = PBXFileReference; fileEncoding = 4; lastKnownFileType = sourcecode.swift; path = CustomProtocols.swift; sourceTree = "<group>"; };
		0D31E4591C8289DE00FE6861 /* TrashBin.swift */ = {isa = PBXFileReference; fileEncoding = 4; lastKnownFileType = sourcecode.swift; path = TrashBin.swift; sourceTree = "<group>"; };
		0DA36BB01C83D9C2004B7C8D /* SystemExtensions.swift */ = {isa = PBXFileReference; fileEncoding = 4; lastKnownFileType = sourcecode.swift; path = SystemExtensions.swift; sourceTree = "<group>"; };
/* End PBXFileReference section */

/* Begin PBXFrameworksBuildPhase section */
		0D31E4211C82784200FE6861 /* Frameworks */ = {
			isa = PBXFrameworksBuildPhase;
			buildActionMask = 2147483647;
			files = (
			);
			runOnlyForDeploymentPostprocessing = 0;
		};
		0D31E4351C82784200FE6861 /* Frameworks */ = {
			isa = PBXFrameworksBuildPhase;
			buildActionMask = 2147483647;
			files = (
			);
			runOnlyForDeploymentPostprocessing = 0;
		};
		0D31E4401C82784200FE6861 /* Frameworks */ = {
			isa = PBXFrameworksBuildPhase;
			buildActionMask = 2147483647;
			files = (
			);
			runOnlyForDeploymentPostprocessing = 0;
		};
/* End PBXFrameworksBuildPhase section */

/* Begin PBXGroup section */
		0D31E41B1C82784200FE6861 = {
			isa = PBXGroup;
			children = (
				0D31E4261C82784200FE6861 /* DraggableView */,
				0D31E43B1C82784200FE6861 /* DraggableViewTests */,
				0D31E4461C82784200FE6861 /* DraggableViewUITests */,
				0D31E4251C82784200FE6861 /* Products */,
			);
			sourceTree = "<group>";
		};
		0D31E4251C82784200FE6861 /* Products */ = {
			isa = PBXGroup;
			children = (
				0D31E4241C82784200FE6861 /* DraggableView.app */,
				0D31E4381C82784200FE6861 /* DraggableViewTests.xctest */,
				0D31E4431C82784200FE6861 /* DraggableViewUITests.xctest */,
			);
			name = Products;
			sourceTree = "<group>";
		};
		0D31E4261C82784200FE6861 /* DraggableView */ = {
			isa = PBXGroup;
			children = (
				0D31E4271C82784200FE6861 /* AppDelegate.swift */,
				0D31E4291C82784200FE6861 /* ViewController.swift */,
				0D31E42B1C82784200FE6861 /* Main.storyboard */,
				0D31E42E1C82784200FE6861 /* Assets.xcassets */,
				0D31E4301C82784200FE6861 /* LaunchScreen.storyboard */,
				0D31E4331C82784200FE6861 /* Info.plist */,
				0D31E4551C82793C00FE6861 /* WSDDraggableView.swift */,
				0D31E4571C827D0300FE6861 /* CustomProtocols.swift */,
				0D31E4591C8289DE00FE6861 /* TrashBin.swift */,
				0DA36BB01C83D9C2004B7C8D /* SystemExtensions.swift */,
				0D2E10621C82980D00DC8914 /* Notes */,
			);
			path = DraggableView;
			sourceTree = "<group>";
		};
		0D31E43B1C82784200FE6861 /* DraggableViewTests */ = {
			isa = PBXGroup;
			children = (
				0D31E43C1C82784200FE6861 /* DraggableViewTests.swift */,
				0D31E43E1C82784200FE6861 /* Info.plist */,
			);
			path = DraggableViewTests;
			sourceTree = "<group>";
		};
		0D31E4461C82784200FE6861 /* DraggableViewUITests */ = {
			isa = PBXGroup;
			children = (
				0D31E4471C82784200FE6861 /* DraggableViewUITests.swift */,
				0D31E4491C82784200FE6861 /* Info.plist */,
			);
			path = DraggableViewUITests;
			sourceTree = "<group>";
		};
/* End PBXGroup section */

/* Begin PBXNativeTarget section */
		0D31E4231C82784200FE6861 /* DraggableView */ = {
			isa = PBXNativeTarget;
			buildConfigurationList = 0D31E44C1C82784200FE6861 /* Build configuration list for PBXNativeTarget "DraggableView" */;
			buildPhases = (
				0D31E4201C82784200FE6861 /* Sources */,
				0D31E4211C82784200FE6861 /* Frameworks */,
				0D31E4221C82784200FE6861 /* Resources */,
			);
			buildRules = (
			);
			dependencies = (
			);
			name = DraggableView;
			productName = DraggableView;
			productReference = 0D31E4241C82784200FE6861 /* DraggableView.app */;
			productType = "com.apple.product-type.application";
		};
		0D31E4371C82784200FE6861 /* DraggableViewTests */ = {
			isa = PBXNativeTarget;
			buildConfigurationList = 0D31E44F1C82784200FE6861 /* Build configuration list for PBXNativeTarget "DraggableViewTests" */;
			buildPhases = (
				0D31E4341C82784200FE6861 /* Sources */,
				0D31E4351C82784200FE6861 /* Frameworks */,
				0D31E4361C82784200FE6861 /* Resources */,
			);
			buildRules = (
			);
			dependencies = (
				0D31E43A1C82784200FE6861 /* PBXTargetDependency */,
			);
			name = DraggableViewTests;
			productName = DraggableViewTests;
			productReference = 0D31E4381C82784200FE6861 /* DraggableViewTests.xctest */;
			productType = "com.apple.product-type.bundle.unit-test";
		};
		0D31E4421C82784200FE6861 /* DraggableViewUITests */ = {
			isa = PBXNativeTarget;
			buildConfigurationList = 0D31E4521C82784200FE6861 /* Build configuration list for PBXNativeTarget "DraggableViewUITests" */;
			buildPhases = (
				0D31E43F1C82784200FE6861 /* Sources */,
				0D31E4401C82784200FE6861 /* Frameworks */,
				0D31E4411C82784200FE6861 /* Resources */,
			);
			buildRules = (
			);
			dependencies = (
				0D31E4451C82784200FE6861 /* PBXTargetDependency */,
			);
			name = DraggableViewUITests;
			productName = DraggableViewUITests;
			productReference = 0D31E4431C82784200FE6861 /* DraggableViewUITests.xctest */;
			productType = "com.apple.product-type.bundle.ui-testing";
		};
/* End PBXNativeTarget section */

/* Begin PBXProject section */
		0D31E41C1C82784200FE6861 /* Project object */ = {
			isa = PBXProject;
			attributes = {
				LastSwiftUpdateCheck = 0720;
				LastUpgradeCheck = 0720;
				ORGANIZATIONNAME = sidex;
				TargetAttributes = {
					0D31E4231C82784200FE6861 = {
						CreatedOnToolsVersion = 7.2;
						DevelopmentTeam = F4M3Z8FSX9;
					};
					0D31E4371C82784200FE6861 = {
						CreatedOnToolsVersion = 7.2;
						TestTargetID = 0D31E4231C82784200FE6861;
					};
					0D31E4421C82784200FE6861 = {
						CreatedOnToolsVersion = 7.2;
						TestTargetID = 0D31E4231C82784200FE6861;
					};
				};
			};
			buildConfigurationList = 0D31E41F1C82784200FE6861 /* Build configuration list for PBXProject "DraggableView" */;
			compatibilityVersion = "Xcode 3.2";
			developmentRegion = English;
			hasScannedForEncodings = 0;
			knownRegions = (
				en,
				Base,
			);
			mainGroup = 0D31E41B1C82784200FE6861;
			productRefGroup = 0D31E4251C82784200FE6861 /* Products */;
			projectDirPath = "";
			projectRoot = "";
			targets = (
				0D31E4231C82784200FE6861 /* DraggableView */,
				0D31E4371C82784200FE6861 /* DraggableViewTests */,
				0D31E4421C82784200FE6861 /* DraggableViewUITests */,
			);
		};
/* End PBXProject section */

/* Begin PBXResourcesBuildPhase section */
		0D31E4221C82784200FE6861 /* Resources */ = {
			isa = PBXResourcesBuildPhase;
			buildActionMask = 2147483647;
			files = (
				0D31E4321C82784200FE6861 /* LaunchScreen.storyboard in Resources */,
				0D31E42F1C82784200FE6861 /* Assets.xcassets in Resources */,
				0D2E10631C82980D00DC8914 /* Notes in Resources */,
				0D31E42D1C82784200FE6861 /* Main.storyboard in Resources */,
			);
			runOnlyForDeploymentPostprocessing = 0;
		};
		0D31E4361C82784200FE6861 /* Resources */ = {
			isa = PBXResourcesBuildPhase;
			buildActionMask = 2147483647;
			files = (
			);
			runOnlyForDeploymentPostprocessing = 0;
		};
		0D31E4411C82784200FE6861 /* Resources */ = {
			isa = PBXResourcesBuildPhase;
			buildActionMask = 2147483647;
			files = (
			);
			runOnlyForDeploymentPostprocessing = 0;
		};
/* End PBXResourcesBuildPhase section */

/* Begin PBXSourcesBuildPhase section */
		0D31E4201C82784200FE6861 /* Sources */ = {
			isa = PBXSourcesBuildPhase;
			buildActionMask = 2147483647;
			files = (
				0DA36BB11C83D9C2004B7C8D /* SystemExtensions.swift in Sources */,
				0D31E4581C827D0300FE6861 /* CustomProtocols.swift in Sources */,
				0D31E45A1C8289DE00FE6861 /* TrashBin.swift in Sources */,
				0D31E4561C82793C00FE6861 /* WSDDraggableView.swift in Sources */,
				0D31E42A1C82784200FE6861 /* ViewController.swift in Sources */,
				0D31E4281C82784200FE6861 /* AppDelegate.swift in Sources */,
			);
			runOnlyForDeploymentPostprocessing = 0;
		};
		0D31E4341C82784200FE6861 /* Sources */ = {
			isa = PBXSourcesBuildPhase;
			buildActionMask = 2147483647;
			files = (
				0D31E43D1C82784200FE6861 /* DraggableViewTests.swift in Sources */,
			);
			runOnlyForDeploymentPostprocessing = 0;
		};
		0D31E43F1C82784200FE6861 /* Sources */ = {
			isa = PBXSourcesBuildPhase;
			buildActionMask = 2147483647;
			files = (
				0D31E4481C82784200FE6861 /* DraggableViewUITests.swift in Sources */,
			);
			runOnlyForDeploymentPostprocessing = 0;
		};
/* End PBXSourcesBuildPhase section */

/* Begin PBXTargetDependency section */
		0D31E43A1C82784200FE6861 /* PBXTargetDependency */ = {
			isa = PBXTargetDependency;
			target = 0D31E4231C82784200FE6861 /* DraggableView */;
			targetProxy = 0D31E4391C82784200FE6861 /* PBXContainerItemProxy */;
		};
		0D31E4451C82784200FE6861 /* PBXTargetDependency */ = {
			isa = PBXTargetDependency;
			target = 0D31E4231C82784200FE6861 /* DraggableView */;
			targetProxy = 0D31E4441C82784200FE6861 /* PBXContainerItemProxy */;
		};
/* End PBXTargetDependency section */

/* Begin PBXVariantGroup section */
		0D31E42B1C82784200FE6861 /* Main.storyboard */ = {
			isa = PBXVariantGroup;
			children = (
				0D31E42C1C82784200FE6861 /* Base */,
			);
			name = Main.storyboard;
			sourceTree = "<group>";
		};
		0D31E4301C82784200FE6861 /* LaunchScreen.storyboard */ = {
			isa = PBXVariantGroup;
			children = (
				0D31E4311C82784200FE6861 /* Base */,
			);
			name = LaunchScreen.storyboard;
			sourceTree = "<group>";
		};
/* End PBXVariantGroup section */

/* Begin XCBuildConfiguration section */
		0D31E44A1C82784200FE6861 /* Debug */ = {
			isa = XCBuildConfiguration;
			buildSettings = {
				ALWAYS_SEARCH_USER_PATHS = NO;
				CLANG_CXX_LANGUAGE_STANDARD = "gnu++0x";
				CLANG_CXX_LIBRARY = "libc++";
				CLANG_ENABLE_MODULES = YES;
				CLANG_ENABLE_OBJC_ARC = YES;
				CLANG_WARN_BOOL_CONVERSION = YES;
				CLANG_WARN_CONSTANT_CONVERSION = YES;
				CLANG_WARN_DIRECT_OBJC_ISA_USAGE = YES_ERROR;
				CLANG_WARN_EMPTY_BODY = YES;
				CLANG_WARN_ENUM_CONVERSION = YES;
				CLANG_WARN_INT_CONVERSION = YES;
				CLANG_WARN_OBJC_ROOT_CLASS = YES_ERROR;
				CLANG_WARN_UNREACHABLE_CODE = YES;
				CLANG_WARN__DUPLICATE_METHOD_MATCH = YES;
				"CODE_SIGN_IDENTITY[sdk=iphoneos*]" = "iPhone Developer";
				COPY_PHASE_STRIP = NO;
				DEBUG_INFORMATION_FORMAT = dwarf;
				ENABLE_STRICT_OBJC_MSGSEND = YES;
				ENABLE_TESTABILITY = YES;
				GCC_C_LANGUAGE_STANDARD = gnu99;
				GCC_DYNAMIC_NO_PIC = NO;
				GCC_NO_COMMON_BLOCKS = YES;
				GCC_OPTIMIZATION_LEVEL = 0;
				GCC_PREPROCESSOR_DEFINITIONS = (
					"DEBUG=1",
					"$(inherited)",
				);
				GCC_WARN_64_TO_32_BIT_CONVERSION = YES;
				GCC_WARN_ABOUT_RETURN_TYPE = YES_ERROR;
				GCC_WARN_UNDECLARED_SELECTOR = YES;
				GCC_WARN_UNINITIALIZED_AUTOS = YES_AGGRESSIVE;
				GCC_WARN_UNUSED_FUNCTION = YES;
				GCC_WARN_UNUSED_VARIABLE = YES;
				IPHONEOS_DEPLOYMENT_TARGET = 9.2;
				MTL_ENABLE_DEBUG_INFO = YES;
				ONLY_ACTIVE_ARCH = YES;
				SDKROOT = iphoneos;
				SWIFT_OPTIMIZATION_LEVEL = "-Onone";
				TARGETED_DEVICE_FAMILY = "1,2";
			};
			name = Debug;
		};
		0D31E44B1C82784200FE6861 /* Release */ = {
			isa = XCBuildConfiguration;
			buildSettings = {
				ALWAYS_SEARCH_USER_PATHS = NO;
				CLANG_CXX_LANGUAGE_STANDARD = "gnu++0x";
				CLANG_CXX_LIBRARY = "libc++";
				CLANG_ENABLE_MODULES = YES;
				CLANG_ENABLE_OBJC_ARC = YES;
				CLANG_WARN_BOOL_CONVERSION = YES;
				CLANG_WARN_CONSTANT_CONVERSION = YES;
				CLANG_WARN_DIRECT_OBJC_ISA_USAGE = YES_ERROR;
				CLANG_WARN_EMPTY_BODY = YES;
				CLANG_WARN_ENUM_CONVERSION = YES;
				CLANG_WARN_INT_CONVERSION = YES;
				CLANG_WARN_OBJC_ROOT_CLASS = YES_ERROR;
				CLANG_WARN_UNREACHABLE_CODE = YES;
				CLANG_WARN__DUPLICATE_METHOD_MATCH = YES;
				"CODE_SIGN_IDENTITY[sdk=iphoneos*]" = "iPhone Developer";
				COPY_PHASE_STRIP = NO;
				DEBUG_INFORMATION_FORMAT = "dwarf-with-dsym";
				ENABLE_NS_ASSERTIONS = NO;
				ENABLE_STRICT_OBJC_MSGSEND = YES;
				GCC_C_LANGUAGE_STANDARD = gnu99;
				GCC_NO_COMMON_BLOCKS = YES;
				GCC_WARN_64_TO_32_BIT_CONVERSION = YES;
				GCC_WARN_ABOUT_RETURN_TYPE = YES_ERROR;
				GCC_WARN_UNDECLARED_SELECTOR = YES;
				GCC_WARN_UNINITIALIZED_AUTOS = YES_AGGRESSIVE;
				GCC_WARN_UNUSED_FUNCTION = YES;
				GCC_WARN_UNUSED_VARIABLE = YES;
				IPHONEOS_DEPLOYMENT_TARGET = 9.2;
				MTL_ENABLE_DEBUG_INFO = NO;
				SDKROOT = iphoneos;
				TARGETED_DEVICE_FAMILY = "1,2";
				VALIDATE_PRODUCT = YES;
			};
			name = Release;
		};
		0D31E44D1C82784200FE6861 /* Debug */ = {
			isa = XCBuildConfiguration;
			buildSettings = {
				ASSETCATALOG_COMPILER_APPICON_NAME = AppIcon;
				CODE_SIGN_IDENTITY = "iPhone Developer";
				INFOPLIST_FILE = DraggableView/Info.plist;
				LD_RUNPATH_SEARCH_PATHS = "$(inherited) @executable_path/Frameworks";
				PRODUCT_BUNDLE_IDENTIFIER = com.sidex.DraggableView;
				PRODUCT_NAME = "$(TARGET_NAME)";
			};
			name = Debug;
		};
		0D31E44E1C82784200FE6861 /* Release */ = {
			isa = XCBuildConfiguration;
			buildSettings = {
				ASSETCATALOG_COMPILER_APPICON_NAME = AppIcon;
				CODE_SIGN_IDENTITY = "iPhone Developer";
				INFOPLIST_FILE = DraggableView/Info.plist;
				LD_RUNPATH_SEARCH_PATHS = "$(inherited) @executable_path/Frameworks";
				PRODUCT_BUNDLE_IDENTIFIER = com.sidex.DraggableView;
				PRODUCT_NAME = "$(TARGET_NAME)";
			};
			name = Release;
		};
		0D31E4501C82784200FE6861 /* Debug */ = {
			isa = XCBuildConfiguration;
			buildSettings = {
				BUNDLE_LOADER = "$(TEST_HOST)";
				INFOPLIST_FILE = DraggableViewTests/Info.plist;
				LD_RUNPATH_SEARCH_PATHS = "$(inherited) @executable_path/Frameworks @loader_path/Frameworks";
				PRODUCT_BUNDLE_IDENTIFIER = com.sidex.DraggableViewTests;
				PRODUCT_NAME = "$(TARGET_NAME)";
				TEST_HOST = "$(BUILT_PRODUCTS_DIR)/DraggableView.app/DraggableView";
			};
			name = Debug;
		};
		0D31E4511C82784200FE6861 /* Release */ = {
			isa = XCBuildConfiguration;
			buildSettings = {
				BUNDLE_LOADER = "$(TEST_HOST)";
				INFOPLIST_FILE = DraggableViewTests/Info.plist;
				LD_RUNPATH_SEARCH_PATHS = "$(inherited) @executable_path/Frameworks @loader_path/Frameworks";
				PRODUCT_BUNDLE_IDENTIFIER = com.sidex.DraggableViewTests;
				PRODUCT_NAME = "$(TARGET_NAME)";
				TEST_HOST = "$(BUILT_PRODUCTS_DIR)/DraggableView.app/DraggableView";
			};
			name = Release;
		};
		0D31E4531C82784200FE6861 /* Debug */ = {
			isa = XCBuildConfiguration;
			buildSettings = {
				INFOPLIST_FILE = DraggableViewUITests/Info.plist;
				LD_RUNPATH_SEARCH_PATHS = "$(inherited) @executable_path/Frameworks @loader_path/Frameworks";
				PRODUCT_BUNDLE_IDENTIFIER = com.sidex.DraggableViewUITests;
				PRODUCT_NAME = "$(TARGET_NAME)";
				TEST_TARGET_NAME = DraggableView;
				USES_XCTRUNNER = YES;
			};
			name = Debug;
		};
		0D31E4541C82784200FE6861 /* Release */ = {
			isa = XCBuildConfiguration;
			buildSettings = {
				INFOPLIST_FILE = DraggableViewUITests/Info.plist;
				LD_RUNPATH_SEARCH_PATHS = "$(inherited) @executable_path/Frameworks @loader_path/Frameworks";
				PRODUCT_BUNDLE_IDENTIFIER = com.sidex.DraggableViewUITests;
				PRODUCT_NAME = "$(TARGET_NAME)";
				TEST_TARGET_NAME = DraggableView;
				USES_XCTRUNNER = YES;
			};
			name = Release;
		};
/* End XCBuildConfiguration section */

/* Begin XCConfigurationList section */
		0D31E41F1C82784200FE6861 /* Build configuration list for PBXProject "DraggableView" */ = {
			isa = XCConfigurationList;
			buildConfigurations = (
				0D31E44A1C82784200FE6861 /* Debug */,
				0D31E44B1C82784200FE6861 /* Release */,
			);
			defaultConfigurationIsVisible = 0;
			defaultConfigurationName = Release;
		};
		0D31E44C1C82784200FE6861 /* Build configuration list for PBXNativeTarget "DraggableView" */ = {
			isa = XCConfigurationList;
			buildConfigurations = (
				0D31E44D1C82784200FE6861 /* Debug */,
				0D31E44E1C82784200FE6861 /* Release */,
			);
			defaultConfigurationIsVisible = 0;
			defaultConfigurationName = Release;
		};
		0D31E44F1C82784200FE6861 /* Build configuration list for PBXNativeTarget "DraggableViewTests" */ = {
			isa = XCConfigurationList;
			buildConfigurations = (
				0D31E4501C82784200FE6861 /* Debug */,
				0D31E4511C82784200FE6861 /* Release */,
			);
			defaultConfigurationIsVisible = 0;
			defaultConfigurationName = Release;
		};
		0D31E4521C82784200FE6861 /* Build configuration list for PBXNativeTarget "DraggableViewUITests" */ = {
			isa = XCConfigurationList;
			buildConfigurations = (
				0D31E4531C82784200FE6861 /* Debug */,
				0D31E4541C82784200FE6861 /* Release */,
			);
			defaultConfigurationIsVisible = 0;
			defaultConfigurationName = Release;
		};
/* End XCConfigurationList section */
	};
	rootObject = 0D31E41C1C82784200FE6861 /* Project object */;
}
